{
  "version": 4,
  "terraform_version": "0.12.27",
  "serial": 162,
  "lineage": "b35c3f9d-5175-cc43-9932-e1aa179877f7",
  "outputs": {},
  "resources": [
    {
      "module": "module.aws_spoke2",
      "mode": "managed",
      "type": "aviatrix_spoke_gateway",
      "name": "ha",
      "each": "list",
      "provider": "provider.aviatrix",
      "instances": []
    },
    {
      "module": "module.aws_spoke1",
      "mode": "managed",
      "type": "aviatrix_spoke_gateway",
      "name": "ha",
      "each": "list",
      "provider": "provider.aviatrix",
      "instances": []
    },
    {
      "module": "module.az_spoke_1",
      "mode": "managed",
      "type": "aviatrix_spoke_gateway",
      "name": "ha",
      "each": "list",
      "provider": "provider.aviatrix",
      "instances": [
        {
          "index_key": 0,
          "schema_version": 0,
          "attributes": {
            "account_name": "azure",
            "allocate_new_eip": true,
            "cloud_instance_id": "av-gw-avx-az-spoke-1-spoke",
            "cloud_type": 8,
            "customer_managed_keys": null,
            "customized_spoke_vpc_routes": "",
            "eip": "52.154.41.183",
            "enable_active_mesh": true,
            "enable_encrypt_volume": false,
            "enable_vpc_dns_server": false,
            "filtered_spoke_vpc_routes": "",
            "gw_name": "avx-az-spoke-1-spoke",
            "gw_size": "Standard_B1ms",
            "ha_cloud_instance_id": "av-gw-avx-az-spoke-1-spoke-hagw",
            "ha_eip": "40.89.245.181",
            "ha_gw_name": "avx-az-spoke-1-spoke-hagw",
            "ha_gw_size": "Standard_B1ms",
            "ha_insane_mode_az": "",
            "ha_private_ip": "172.20.1.5",
            "ha_subnet": "172.20.1.0/28",
            "ha_zone": "",
            "id": "avx-az-spoke-1-spoke",
            "included_advertised_spoke_routes": "",
            "insane_mode": false,
            "insane_mode_az": "",
            "private_ip": "172.20.1.4",
            "security_group_id": "",
            "single_az_ha": false,
            "single_ip_snat": false,
            "subnet": "172.20.1.0/28",
            "tag_list": null,
            "transit_gw": "avx-central-us-transit",
            "vpc_id": "avx-az-spoke-1-spoke:rg-av-avx-az-spoke-1-spoke-149178",
            "vpc_reg": "Central US"
          },
          "private": "bnVsbA==",
          "dependencies": [
            "module.az_spoke_1.aviatrix_vpc.default",
            "module.az_transit_1.aviatrix_transit_gateway.ha",
            "module.az_transit_1.aviatrix_transit_gateway.single",
            "module.az_transit_1.aviatrix_vpc.default"
          ]
        }
      ]
    },
    {
      "module": "module.aws_spoke2",
      "mode": "managed",
      "type": "aviatrix_spoke_gateway",
      "name": "single",
      "each": "list",
      "provider": "provider.aviatrix",
      "instances": [
        {
          "index_key": 0,
          "schema_version": 0,
          "attributes": {
            "account_name": "br_marcosbrz",
            "allocate_new_eip": true,
            "cloud_instance_id": "i-06540ada69f9d22e3",
            "cloud_type": 1,
            "customer_managed_keys": null,
            "customized_spoke_vpc_routes": "",
            "eip": "54.193.139.92",
            "enable_active_mesh": true,
            "enable_encrypt_volume": false,
            "enable_vpc_dns_server": false,
            "filtered_spoke_vpc_routes": "",
            "gw_name": "avx-aws-spoke-2-spoke",
            "gw_size": "t3.medium",
            "ha_cloud_instance_id": null,
            "ha_eip": "",
            "ha_gw_name": null,
            "ha_gw_size": "",
            "ha_insane_mode_az": "",
            "ha_private_ip": null,
            "ha_subnet": "",
            "ha_zone": "",
            "id": "avx-aws-spoke-2-spoke",
            "included_advertised_spoke_routes": "",
            "insane_mode": false,
            "insane_mode_az": "",
            "private_ip": "172.19.2.62",
            "security_group_id": "sg-0694cedc1b92c0b32",
            "single_az_ha": false,
            "single_ip_snat": false,
            "subnet": "172.19.2.48/28",
            "tag_list": [],
            "transit_gw": "avx-acme_ash_transit-transit",
            "vpc_id": "vpc-05fd5d2be5b25f202",
            "vpc_reg": "us-west-1"
          },
          "private": "bnVsbA==",
          "dependencies": [
            "module.aws_spoke2.aviatrix_vpc.default",
            "module.oci_transit_1.aviatrix_transit_gateway.ha",
            "module.oci_transit_1.aviatrix_transit_gateway.single",
            "module.oci_transit_1.aviatrix_vpc.default"
          ]
        }
      ]
    },
    {
      "module": "module.aws_spoke1",
      "mode": "managed",
      "type": "aviatrix_spoke_gateway",
      "name": "single",
      "each": "list",
      "provider": "provider.aviatrix",
      "instances": [
        {
          "index_key": 0,
          "schema_version": 0,
          "attributes": {
            "account_name": "br_marcosbrz",
            "allocate_new_eip": true,
            "cloud_instance_id": "i-0e5562dfed0022bbb",
            "cloud_type": 1,
            "customer_managed_keys": null,
            "customized_spoke_vpc_routes": "",
            "eip": "52.9.146.44",
            "enable_active_mesh": true,
            "enable_encrypt_volume": false,
            "enable_vpc_dns_server": false,
            "filtered_spoke_vpc_routes": "",
            "gw_name": "avx-aws-spoke-1-spoke",
            "gw_size": "t3.medium",
            "ha_cloud_instance_id": null,
            "ha_eip": "",
            "ha_gw_name": null,
            "ha_gw_size": "",
            "ha_insane_mode_az": "",
            "ha_private_ip": null,
            "ha_subnet": "",
            "ha_zone": "",
            "id": "avx-aws-spoke-1-spoke",
            "included_advertised_spoke_routes": "",
            "insane_mode": false,
            "insane_mode_az": "",
            "private_ip": "172.19.1.54",
            "security_group_id": "sg-09bacbd3397bc72b3",
            "single_az_ha": false,
            "single_ip_snat": false,
            "subnet": "172.19.1.48/28",
            "tag_list": [],
            "transit_gw": "avx-acme_ash_transit-transit",
            "vpc_id": "vpc-0abeaf55d37741426",
            "vpc_reg": "us-west-1"
          },
          "private": "bnVsbA==",
          "dependencies": [
            "module.aws_spoke1.aviatrix_vpc.default",
            "module.oci_transit_1.aviatrix_transit_gateway.ha",
            "module.oci_transit_1.aviatrix_transit_gateway.single",
            "module.oci_transit_1.aviatrix_vpc.default"
          ]
        }
      ]
    },
    {
      "module": "module.az_spoke_1",
      "mode": "managed",
      "type": "aviatrix_spoke_gateway",
      "name": "single",
      "each": "list",
      "provider": "provider.aviatrix",
      "instances": []
    },
    {
      "module": "module.oci_spoke2",
      "mode": "managed",
      "type": "aviatrix_spoke_gateway",
      "name": "spoke_gw",
      "each": "list",
      "provider": "provider.aviatrix",
      "instances": [
        {
          "index_key": 0,
          "schema_version": 0,
          "attributes": {
            "account_name": "oci-internal",
            "allocate_new_eip": true,
            "cloud_instance_id": "ocid1.instance.oc1.iad.anuwcljsbwtknkacnmk5oxel6wspcp2vk4komvxiwkilk5w34fks763o4vwq",
            "cloud_type": 16,
            "customer_managed_keys": null,
            "customized_spoke_vpc_routes": "",
            "eip": "129.213.212.221",
            "enable_active_mesh": true,
            "enable_encrypt_volume": false,
            "enable_vpc_dns_server": false,
            "filtered_spoke_vpc_routes": "",
            "gw_name": "avx-acme_ash_sopke_dev-spoke",
            "gw_size": "VM.Standard2.2",
            "ha_cloud_instance_id": null,
            "ha_eip": "",
            "ha_gw_name": null,
            "ha_gw_size": "",
            "ha_insane_mode_az": "",
            "ha_private_ip": null,
            "ha_subnet": "",
            "ha_zone": "",
            "id": "avx-acme_ash_sopke_dev-spoke",
            "included_advertised_spoke_routes": "",
            "insane_mode": false,
            "insane_mode_az": "",
            "private_ip": "172.17.2.2",
            "security_group_id": "",
            "single_az_ha": false,
            "single_ip_snat": false,
            "subnet": "172.17.2.0/26",
            "tag_list": null,
            "transit_gw": "avx-acme_ash_transit-transit",
            "vpc_id": "avx-acme_ash_sopke_dev-spoke",
            "vpc_reg": "us-ashburn-1"
          },
          "private": "bnVsbA==",
          "dependencies": [
            "module.oci_spoke2.aviatrix_vpc.default",
            "module.oci_transit_1.aviatrix_transit_gateway.ha",
            "module.oci_transit_1.aviatrix_transit_gateway.single",
            "module.oci_transit_1.aviatrix_vpc.default"
          ]
        }
      ]
    },
    {
      "module": "module.oci_spoke1",
      "mode": "managed",
      "type": "aviatrix_spoke_gateway",
      "name": "spoke_gw",
      "each": "list",
      "provider": "provider.aviatrix",
      "instances": []
    },
    {
      "module": "module.oci_spoke_3_region_2",
      "mode": "managed",
      "type": "aviatrix_spoke_gateway",
      "name": "spoke_gw",
      "each": "list",
      "provider": "provider.aviatrix",
      "instances": [
        {
          "index_key": 0,
          "schema_version": 0,
          "attributes": {
            "account_name": "oci-internal",
            "allocate_new_eip": true,
            "cloud_instance_id": "ocid1.instance.oc1.sa-saopaulo-1.antxeljrbwtknkack4eisfnmbfald3ugtuj2lrabcwszuareq7767oprpcha",
            "cloud_type": 16,
            "customer_managed_keys": null,
            "customized_spoke_vpc_routes": "",
            "eip": "168.138.255.63",
            "enable_active_mesh": true,
            "enable_encrypt_volume": false,
            "enable_vpc_dns_server": false,
            "filtered_spoke_vpc_routes": "",
            "gw_name": "avx-acme_sp1_sopke_qas-spoke",
            "gw_size": "VM.Standard2.2",
            "ha_cloud_instance_id": null,
            "ha_eip": "",
            "ha_gw_name": null,
            "ha_gw_size": "",
            "ha_insane_mode_az": "",
            "ha_private_ip": null,
            "ha_subnet": "",
            "ha_zone": "",
            "id": "avx-acme_sp1_sopke_qas-spoke",
            "included_advertised_spoke_routes": "",
            "insane_mode": false,
            "insane_mode_az": "",
            "private_ip": "172.18.3.2",
            "security_group_id": "",
            "single_az_ha": false,
            "single_ip_snat": false,
            "subnet": "172.18.3.0/26",
            "tag_list": null,
            "transit_gw": "avx-acme_sp1_transit-transit",
            "vpc_id": "avx-acme_sp1_sopke_qas-spoke",
            "vpc_reg": "sa-saopaulo-1"
          },
          "private": "bnVsbA==",
          "dependencies": [
            "module.oci_spoke_3_region_2.aviatrix_vpc.default",
            "module.oci_transit_2.aviatrix_transit_gateway.ha",
            "module.oci_transit_2.aviatrix_transit_gateway.single",
            "module.oci_transit_2.aviatrix_vpc.default"
          ]
        }
      ]
    },
    {
      "module": "module.oci_spoke3",
      "mode": "managed",
      "type": "aviatrix_spoke_gateway",
      "name": "spoke_gw",
      "each": "list",
      "provider": "provider.aviatrix",
      "instances": [
        {
          "index_key": 0,
          "schema_version": 0,
          "attributes": {
            "account_name": "oci-internal",
            "allocate_new_eip": true,
            "cloud_instance_id": "ocid1.instance.oc1.iad.anuwcljsbwtknkac6gi7iyihyt6des5eykwgv4kwv7d527ymacwl7fuxauta",
            "cloud_type": 16,
            "customer_managed_keys": null,
            "customized_spoke_vpc_routes": "",
            "eip": "193.122.132.220",
            "enable_active_mesh": true,
            "enable_encrypt_volume": false,
            "enable_vpc_dns_server": false,
            "filtered_spoke_vpc_routes": "",
            "gw_name": "avx-acme_ash_sopke_qas-spoke",
            "gw_size": "VM.Standard2.2",
            "ha_cloud_instance_id": null,
            "ha_eip": "",
            "ha_gw_name": null,
            "ha_gw_size": "",
            "ha_insane_mode_az": "",
            "ha_private_ip": null,
            "ha_subnet": "",
            "ha_zone": "",
            "id": "avx-acme_ash_sopke_qas-spoke",
            "included_advertised_spoke_routes": "",
            "insane_mode": false,
            "insane_mode_az": "",
            "private_ip": "172.17.3.2",
            "security_group_id": "",
            "single_az_ha": false,
            "single_ip_snat": false,
            "subnet": "172.17.3.0/26",
            "tag_list": null,
            "transit_gw": "avx-acme_ash_transit-transit",
            "vpc_id": "avx-acme_ash_sopke_qas-spoke",
            "vpc_reg": "us-ashburn-1"
          },
          "private": "bnVsbA==",
          "dependencies": [
            "module.oci_spoke3.aviatrix_vpc.default",
            "module.oci_transit_1.aviatrix_transit_gateway.ha",
            "module.oci_transit_1.aviatrix_transit_gateway.single"
          ]
        }
      ]
    },
    {
      "module": "module.oci_spoke_2_region_2",
      "mode": "managed",
      "type": "aviatrix_spoke_gateway",
      "name": "spoke_gw",
      "each": "list",
      "provider": "provider.aviatrix",
      "instances": [
        {
          "index_key": 0,
          "schema_version": 0,
          "attributes": {
            "account_name": "oci-internal",
            "allocate_new_eip": true,
            "cloud_instance_id": "ocid1.instance.oc1.sa-saopaulo-1.antxeljrbwtknkacvh4dzqvnz6faefbpnpkdyrvs2myqo45dnst53dpkytyq",
            "cloud_type": 16,
            "customer_managed_keys": null,
            "customized_spoke_vpc_routes": "",
            "eip": "168.138.248.156",
            "enable_active_mesh": true,
            "enable_encrypt_volume": false,
            "enable_vpc_dns_server": false,
            "filtered_spoke_vpc_routes": "",
            "gw_name": "avx-acme_sp1_sopke_dev-spoke",
            "gw_size": "VM.Standard2.2",
            "ha_cloud_instance_id": null,
            "ha_eip": "",
            "ha_gw_name": null,
            "ha_gw_size": "",
            "ha_insane_mode_az": "",
            "ha_private_ip": null,
            "ha_subnet": "",
            "ha_zone": "",
            "id": "avx-acme_sp1_sopke_dev-spoke",
            "included_advertised_spoke_routes": "",
            "insane_mode": false,
            "insane_mode_az": "",
            "private_ip": "172.18.2.2",
            "security_group_id": "",
            "single_az_ha": false,
            "single_ip_snat": false,
            "subnet": "172.18.2.0/26",
            "tag_list": null,
            "transit_gw": "avx-acme_sp1_transit-transit",
            "vpc_id": "avx-acme_sp1_sopke_dev-spoke",
            "vpc_reg": "sa-saopaulo-1"
          },
          "private": "bnVsbA==",
          "dependencies": [
            "module.oci_spoke_2_region_2.aviatrix_vpc.default",
            "module.oci_transit_2.aviatrix_transit_gateway.ha",
            "module.oci_transit_2.aviatrix_transit_gateway.single",
            "module.oci_transit_2.aviatrix_vpc.default"
          ]
        }
      ]
    },
    {
      "module": "module.oci_spoke_1_region_2",
      "mode": "managed",
      "type": "aviatrix_spoke_gateway",
      "name": "spoke_gw",
      "each": "list",
      "provider": "provider.aviatrix",
      "instances": [
        {
          "index_key": 0,
          "schema_version": 0,
          "attributes": {
            "account_name": "oci-internal",
            "allocate_new_eip": true,
            "cloud_instance_id": "ocid1.instance.oc1.sa-saopaulo-1.antxeljrbwtknkac2w3ledjkj2jtgayzguux3q4tf54ts3yiayp23cq4yfla",
            "cloud_type": 16,
            "customer_managed_keys": null,
            "customized_spoke_vpc_routes": "",
            "eip": "168.138.254.247",
            "enable_active_mesh": true,
            "enable_encrypt_volume": false,
            "enable_vpc_dns_server": false,
            "filtered_spoke_vpc_routes": "",
            "gw_name": "avx-acme_sp1_sopke_prd-spoke",
            "gw_size": "VM.Standard2.2",
            "ha_cloud_instance_id": null,
            "ha_eip": "",
            "ha_gw_name": null,
            "ha_gw_size": "",
            "ha_insane_mode_az": "",
            "ha_private_ip": null,
            "ha_subnet": "",
            "ha_zone": "",
            "id": "avx-acme_sp1_sopke_prd-spoke",
            "included_advertised_spoke_routes": "",
            "insane_mode": false,
            "insane_mode_az": "",
            "private_ip": "172.18.1.2",
            "security_group_id": "",
            "single_az_ha": false,
            "single_ip_snat": false,
            "subnet": "172.18.1.0/26",
            "tag_list": null,
            "transit_gw": "avx-acme_sp1_transit-transit",
            "vpc_id": "avx-acme_sp1_sopke_prd-spoke",
            "vpc_reg": "sa-saopaulo-1"
          },
          "private": "bnVsbA==",
          "dependencies": [
            "module.oci_spoke_1_region_2.aviatrix_vpc.default",
            "module.oci_transit_2.aviatrix_transit_gateway.ha",
            "module.oci_transit_2.aviatrix_transit_gateway.single",
            "module.oci_transit_2.aviatrix_vpc.default"
          ]
        }
      ]
    },
    {
      "module": "module.oci_spoke2",
      "mode": "managed",
      "type": "aviatrix_spoke_gateway",
      "name": "spoke_hagw",
      "each": "list",
      "provider": "provider.aviatrix",
      "instances": []
    },
    {
      "module": "module.oci_spoke1",
      "mode": "managed",
      "type": "aviatrix_spoke_gateway",
      "name": "spoke_hagw",
      "each": "list",
      "provider": "provider.aviatrix",
      "instances": [
        {
          "index_key": 0,
          "schema_version": 0,
          "attributes": {
            "account_name": "oci-internal",
            "allocate_new_eip": true,
            "cloud_instance_id": "ocid1.instance.oc1.iad.anuwcljrbwtknkacnd7zycbaj277yj5lob5growrunbk7gfd6usfkkddktva",
            "cloud_type": 16,
            "customer_managed_keys": null,
            "customized_spoke_vpc_routes": "",
            "eip": "150.136.203.191",
            "enable_active_mesh": true,
            "enable_encrypt_volume": false,
            "enable_vpc_dns_server": false,
            "filtered_spoke_vpc_routes": "",
            "gw_name": "avx-acme_ash_sopke_prd-spoke",
            "gw_size": "VM.Standard2.2",
            "ha_cloud_instance_id": "ocid1.instance.oc1.iad.anuwcljtbwtknkacz53eobugi5ehv66edra533taafnj4iyg5sqhxlkbp5kq",
            "ha_eip": "193.122.205.83",
            "ha_gw_name": "avx-acme_ash_sopke_prd-spoke-hagw",
            "ha_gw_size": "VM.Standard2.2",
            "ha_insane_mode_az": "",
            "ha_private_ip": "172.17.1.3",
            "ha_subnet": "172.17.1.0/26",
            "ha_zone": "",
            "id": "avx-acme_ash_sopke_prd-spoke",
            "included_advertised_spoke_routes": "",
            "insane_mode": false,
            "insane_mode_az": "",
            "private_ip": "172.17.1.2",
            "security_group_id": "",
            "single_az_ha": false,
            "single_ip_snat": false,
            "subnet": "172.17.1.0/26",
            "tag_list": null,
            "transit_gw": "avx-acme_ash_transit-transit",
            "vpc_id": "avx-acme_ash_sopke_prd-spoke",
            "vpc_reg": "us-ashburn-1"
          },
          "private": "bnVsbA==",
          "dependencies": [
            "module.oci_spoke1.aviatrix_vpc.default",
            "module.oci_transit_1.aviatrix_transit_gateway.ha",
            "module.oci_transit_1.aviatrix_transit_gateway.single",
            "module.oci_transit_1.aviatrix_vpc.default"
          ]
        }
      ]
    },
    {
      "module": "module.oci_spoke_3_region_2",
      "mode": "managed",
      "type": "aviatrix_spoke_gateway",
      "name": "spoke_hagw",
      "each": "list",
      "provider": "provider.aviatrix",
      "instances": []
    },
    {
      "module": "module.oci_spoke3",
      "mode": "managed",
      "type": "aviatrix_spoke_gateway",
      "name": "spoke_hagw",
      "each": "list",
      "provider": "provider.aviatrix",
      "instances": []
    },
    {
      "module": "module.oci_spoke_2_region_2",
      "mode": "managed",
      "type": "aviatrix_spoke_gateway",
      "name": "spoke_hagw",
      "each": "list",
      "provider": "provider.aviatrix",
      "instances": []
    },
    {
      "module": "module.oci_spoke_1_region_2",
      "mode": "managed",
      "type": "aviatrix_spoke_gateway",
      "name": "spoke_hagw",
      "each": "list",
      "provider": "provider.aviatrix",
      "instances": []
    },
    {
      "module": "module.az_transit_1",
      "mode": "managed",
      "type": "aviatrix_transit_gateway",
      "name": "ha",
      "each": "list",
      "provider": "provider.aviatrix",
      "instances": []
    },
    {
      "module": "module.oci_transit_2",
      "mode": "managed",
      "type": "aviatrix_transit_gateway",
      "name": "ha",
      "each": "list",
      "provider": "provider.aviatrix",
      "instances": []
    },
    {
      "module": "module.aws_transit_1",
      "mode": "managed",
      "type": "aviatrix_transit_gateway",
      "name": "ha",
      "each": "list",
      "provider": "provider.aviatrix",
      "instances": []
    },
    {
      "module": "module.oci_transit_1",
      "mode": "managed",
      "type": "aviatrix_transit_gateway",
      "name": "ha",
      "each": "list",
      "provider": "provider.aviatrix",
      "instances": []
    },
    {
      "module": "module.az_transit_1",
      "mode": "managed",
      "type": "aviatrix_transit_gateway",
      "name": "single",
      "each": "list",
      "provider": "provider.aviatrix",
      "instances": [
        {
          "index_key": 0,
          "schema_version": 1,
          "attributes": {
            "account_name": "azure",
            "allocate_new_eip": true,
            "bgp_ecmp": false,
            "bgp_manual_spoke_advertise_cidrs": "",
            "bgp_polling_time": "50",
            "cloud_instance_id": "av-gw-avx-central-us-transit",
            "cloud_type": 8,
            "connected_transit": true,
            "customer_managed_keys": null,
            "customized_spoke_vpc_routes": "",
            "eip": "52.154.41.198",
            "enable_active_mesh": true,
            "enable_advertise_transit_cidr": false,
            "enable_encrypt_volume": false,
            "enable_firenet": false,
            "enable_hybrid_connection": false,
            "enable_learned_cidrs_approval": false,
            "enable_transit_firenet": false,
            "enable_vpc_dns_server": false,
            "excluded_advertised_spoke_routes": "",
            "filtered_spoke_vpc_routes": "",
            "gw_name": "avx-central-us-transit",
            "gw_size": "Standard_B1ms",
            "ha_cloud_instance_id": null,
            "ha_eip": "",
            "ha_gw_name": null,
            "ha_gw_size": "",
            "ha_insane_mode_az": "",
            "ha_private_ip": null,
            "ha_subnet": "",
            "ha_zone": "",
            "id": "avx-central-us-transit",
            "insane_mode": false,
            "insane_mode_az": "",
            "local_as_number": null,
            "prepend_as_path": [],
            "private_ip": "172.20.0.4",
            "security_group_id": "",
            "single_az_ha": false,
            "single_ip_snat": false,
            "subnet": "172.20.0.0/28",
            "tag_list": null,
            "vpc_id": "avx-central-us-transit:rg-av-avx-central-us-transit-709284",
            "vpc_reg": "Central US"
          },
          "private": "eyJzY2hlbWFfdmVyc2lvbiI6IjEifQ==",
          "dependencies": [
            "module.az_transit_1.aviatrix_vpc.default"
          ]
        }
      ]
    },
    {
      "module": "module.oci_transit_2",
      "mode": "managed",
      "type": "aviatrix_transit_gateway",
      "name": "single",
      "each": "list",
      "provider": "provider.aviatrix",
      "instances": [
        {
          "index_key": 0,
          "schema_version": 1,
          "attributes": {
            "account_name": "oci-internal",
            "allocate_new_eip": true,
            "bgp_ecmp": false,
            "bgp_manual_spoke_advertise_cidrs": "",
            "bgp_polling_time": "50",
            "cloud_instance_id": "ocid1.instance.oc1.sa-saopaulo-1.antxeljrbwtknkacipf3ra2soe3ke64ozssdyzqeafuw4di3tkdr2emfypva",
            "cloud_type": 16,
            "connected_transit": true,
            "customer_managed_keys": null,
            "customized_spoke_vpc_routes": "",
            "eip": "168.138.251.33",
            "enable_active_mesh": true,
            "enable_advertise_transit_cidr": false,
            "enable_encrypt_volume": false,
            "enable_firenet": false,
            "enable_hybrid_connection": false,
            "enable_learned_cidrs_approval": false,
            "enable_transit_firenet": false,
            "enable_vpc_dns_server": false,
            "excluded_advertised_spoke_routes": "",
            "filtered_spoke_vpc_routes": "",
            "gw_name": "avx-acme_sp1_transit-transit",
            "gw_size": "VM.Standard2.2",
            "ha_cloud_instance_id": null,
            "ha_eip": "",
            "ha_gw_name": null,
            "ha_gw_size": "",
            "ha_insane_mode_az": "",
            "ha_private_ip": null,
            "ha_subnet": "",
            "ha_zone": "",
            "id": "avx-acme_sp1_transit-transit",
            "insane_mode": false,
            "insane_mode_az": "",
            "local_as_number": null,
            "prepend_as_path": [],
            "private_ip": "172.18.0.2",
            "security_group_id": "",
            "single_az_ha": false,
            "single_ip_snat": false,
            "subnet": "172.18.0.0/26",
            "tag_list": null,
            "vpc_id": "avx-acme_sp1_transit-transit",
            "vpc_reg": "sa-saopaulo-1"
          },
          "private": "eyJzY2hlbWFfdmVyc2lvbiI6IjEifQ==",
          "dependencies": [
            "module.oci_transit_2.aviatrix_vpc.default"
          ]
        }
      ]
    },
    {
      "module": "module.aws_transit_1",
      "mode": "managed",
      "type": "aviatrix_transit_gateway",
      "name": "single",
      "each": "list",
      "provider": "provider.aviatrix",
      "instances": [
        {
          "index_key": 0,
          "schema_version": 1,
          "attributes": {
            "account_name": "br_marcosbrz",
            "allocate_new_eip": true,
            "bgp_ecmp": false,
            "bgp_manual_spoke_advertise_cidrs": "",
            "bgp_polling_time": "50",
            "cloud_instance_id": "i-04c582d98e19c1d07",
            "cloud_type": 1,
            "connected_transit": true,
            "customer_managed_keys": null,
            "customized_spoke_vpc_routes": "",
            "eip": "54.193.174.148",
            "enable_active_mesh": true,
            "enable_advertise_transit_cidr": false,
            "enable_encrypt_volume": false,
            "enable_firenet": false,
            "enable_hybrid_connection": false,
            "enable_learned_cidrs_approval": false,
            "enable_transit_firenet": false,
            "enable_vpc_dns_server": false,
            "excluded_advertised_spoke_routes": "",
            "filtered_spoke_vpc_routes": "",
            "gw_name": "avx-us-west-1-transit",
            "gw_size": "t3.medium",
            "ha_cloud_instance_id": null,
            "ha_eip": "",
            "ha_gw_name": null,
            "ha_gw_size": "",
            "ha_insane_mode_az": "",
            "ha_private_ip": null,
            "ha_subnet": "",
            "ha_zone": "",
            "id": "avx-us-west-1-transit",
            "insane_mode": false,
            "insane_mode_az": "",
            "local_as_number": null,
            "prepend_as_path": [],
            "private_ip": "172.19.0.85",
            "security_group_id": "sg-02b607001549242f4",
            "single_az_ha": false,
            "single_ip_snat": false,
            "subnet": "172.19.0.80/28",
            "tag_list": [],
            "vpc_id": "vpc-0f8fbf4245f8e7436",
            "vpc_reg": "us-west-1"
          },
          "private": "eyJzY2hlbWFfdmVyc2lvbiI6IjEifQ==",
          "dependencies": [
            "module.aws_transit_1.aviatrix_vpc.default"
          ]
        }
      ]
    },
    {
      "module": "module.oci_transit_1",
      "mode": "managed",
      "type": "aviatrix_transit_gateway",
      "name": "single",
      "each": "list",
      "provider": "provider.aviatrix",
      "instances": [
        {
          "index_key": 0,
          "schema_version": 1,
          "attributes": {
            "account_name": "oci-internal",
            "allocate_new_eip": true,
            "bgp_ecmp": false,
            "bgp_manual_spoke_advertise_cidrs": "",
            "bgp_polling_time": "50",
            "cloud_instance_id": "ocid1.instance.oc1.iad.anuwcljrbwtknkacaouymzmbm6p4c3eq5sonh524caavdfs7dpwrhme677mq",
            "cloud_type": 16,
            "connected_transit": true,
            "customer_managed_keys": null,
            "customized_spoke_vpc_routes": "",
            "eip": "193.122.178.206",
            "enable_active_mesh": true,
            "enable_advertise_transit_cidr": false,
            "enable_encrypt_volume": false,
            "enable_firenet": false,
            "enable_hybrid_connection": false,
            "enable_learned_cidrs_approval": false,
            "enable_transit_firenet": false,
            "enable_vpc_dns_server": false,
            "excluded_advertised_spoke_routes": "",
            "filtered_spoke_vpc_routes": "",
            "gw_name": "avx-acme_ash_transit-transit",
            "gw_size": "VM.Standard2.2",
            "ha_cloud_instance_id": null,
            "ha_eip": "",
            "ha_gw_name": null,
            "ha_gw_size": "",
            "ha_insane_mode_az": "",
            "ha_private_ip": null,
            "ha_subnet": "",
            "ha_zone": "",
            "id": "avx-acme_ash_transit-transit",
            "insane_mode": false,
            "insane_mode_az": "",
            "local_as_number": null,
            "prepend_as_path": [],
            "private_ip": "172.17.0.2",
            "security_group_id": "",
            "single_az_ha": false,
            "single_ip_snat": false,
            "subnet": "172.17.0.0/26",
            "tag_list": null,
            "vpc_id": "avx-acme_ash_transit-transit",
            "vpc_reg": "us-ashburn-1"
          },
          "private": "eyJzY2hlbWFfdmVyc2lvbiI6IjEifQ==",
          "dependencies": [
            "module.oci_transit_1.aviatrix_vpc.default"
          ]
        }
      ]
    },
    {
      "module": "module.transit-peering",
      "mode": "managed",
      "type": "aviatrix_transit_gateway_peering",
      "name": "peering",
      "each": "map",
      "provider": "provider.aviatrix",
      "instances": [
        {
          "index_key": "avx-acme_ash_transit-transit:avx-acme_sp1_transit-transit",
          "schema_version": 0,
          "attributes": {
            "gateway1_excluded_network_cidrs": [],
            "gateway1_excluded_tgw_connections": [],
            "gateway2_excluded_network_cidrs": [],
            "gateway2_excluded_tgw_connections": [],
            "id": "avx-acme_ash_transit-transit~avx-acme_sp1_transit-transit",
            "transit_gateway_name1": "avx-acme_ash_transit-transit",
            "transit_gateway_name2": "avx-acme_sp1_transit-transit"
          },
          "private": "bnVsbA==",
          "dependencies": [
            "module.aws_transit_1.aviatrix_transit_gateway.ha",
            "module.aws_transit_1.aviatrix_transit_gateway.single",
            "module.aws_transit_1.aviatrix_vpc.default",
            "module.az_transit_1.aviatrix_transit_gateway.ha",
            "module.az_transit_1.aviatrix_transit_gateway.single",
            "module.oci_transit_1.aviatrix_transit_gateway.ha",
            "module.oci_transit_1.aviatrix_transit_gateway.single",
            "module.oci_transit_2.aviatrix_transit_gateway.ha",
            "module.oci_transit_2.aviatrix_transit_gateway.single"
          ]
        },
        {
          "index_key": "avx-acme_ash_transit-transit:avx-central-us-transit",
          "schema_version": 0,
          "attributes": {
            "gateway1_excluded_network_cidrs": [],
            "gateway1_excluded_tgw_connections": [],
            "gateway2_excluded_network_cidrs": [],
            "gateway2_excluded_tgw_connections": [],
            "id": "avx-acme_ash_transit-transit~avx-central-us-transit",
            "transit_gateway_name1": "avx-acme_ash_transit-transit",
            "transit_gateway_name2": "avx-central-us-transit"
          },
          "private": "bnVsbA==",
          "dependencies": [
            "module.aws_transit_1.aviatrix_transit_gateway.ha",
            "module.aws_transit_1.aviatrix_transit_gateway.single",
            "module.aws_transit_1.aviatrix_vpc.default",
            "module.az_transit_1.aviatrix_transit_gateway.ha",
            "module.az_transit_1.aviatrix_transit_gateway.single",
            "module.oci_transit_1.aviatrix_transit_gateway.ha",
            "module.oci_transit_1.aviatrix_transit_gateway.single",
            "module.oci_transit_2.aviatrix_transit_gateway.ha",
            "module.oci_transit_2.aviatrix_transit_gateway.single"
          ]
        },
        {
          "index_key": "avx-acme_ash_transit-transit:avx-us-west-1-transit",
          "schema_version": 0,
          "attributes": {
            "gateway1_excluded_network_cidrs": [],
            "gateway1_excluded_tgw_connections": [],
            "gateway2_excluded_network_cidrs": [],
            "gateway2_excluded_tgw_connections": [],
            "id": "avx-acme_ash_transit-transit~avx-us-west-1-transit",
            "transit_gateway_name1": "avx-acme_ash_transit-transit",
            "transit_gateway_name2": "avx-us-west-1-transit"
          },
          "private": "bnVsbA==",
          "dependencies": [
            "module.aws_transit_1.aviatrix_transit_gateway.ha",
            "module.aws_transit_1.aviatrix_transit_gateway.single",
            "module.aws_transit_1.aviatrix_vpc.default",
            "module.az_transit_1.aviatrix_transit_gateway.ha",
            "module.az_transit_1.aviatrix_transit_gateway.single",
            "module.oci_transit_1.aviatrix_transit_gateway.ha",
            "module.oci_transit_1.aviatrix_transit_gateway.single",
            "module.oci_transit_2.aviatrix_transit_gateway.ha",
            "module.oci_transit_2.aviatrix_transit_gateway.single"
          ]
        },
        {
          "index_key": "avx-acme_sp1_transit-transit:avx-central-us-transit",
          "schema_version": 0,
          "attributes": {
            "gateway1_excluded_network_cidrs": [],
            "gateway1_excluded_tgw_connections": [],
            "gateway2_excluded_network_cidrs": [],
            "gateway2_excluded_tgw_connections": [],
            "id": "avx-acme_sp1_transit-transit~avx-central-us-transit",
            "transit_gateway_name1": "avx-acme_sp1_transit-transit",
            "transit_gateway_name2": "avx-central-us-transit"
          },
          "private": "bnVsbA==",
          "dependencies": [
            "module.aws_transit_1.aviatrix_transit_gateway.ha",
            "module.aws_transit_1.aviatrix_transit_gateway.single",
            "module.aws_transit_1.aviatrix_vpc.default",
            "module.az_transit_1.aviatrix_transit_gateway.ha",
            "module.az_transit_1.aviatrix_transit_gateway.single",
            "module.oci_transit_1.aviatrix_transit_gateway.ha",
            "module.oci_transit_1.aviatrix_transit_gateway.single",
            "module.oci_transit_2.aviatrix_transit_gateway.ha",
            "module.oci_transit_2.aviatrix_transit_gateway.single"
          ]
        },
        {
          "index_key": "avx-acme_sp1_transit-transit:avx-us-west-1-transit",
          "schema_version": 0,
          "attributes": {
            "gateway1_excluded_network_cidrs": [],
            "gateway1_excluded_tgw_connections": [],
            "gateway2_excluded_network_cidrs": [],
            "gateway2_excluded_tgw_connections": [],
            "id": "avx-acme_sp1_transit-transit~avx-us-west-1-transit",
            "transit_gateway_name1": "avx-acme_sp1_transit-transit",
            "transit_gateway_name2": "avx-us-west-1-transit"
          },
          "private": "bnVsbA==",
          "dependencies": [
            "module.aws_transit_1.aviatrix_transit_gateway.ha",
            "module.aws_transit_1.aviatrix_transit_gateway.single",
            "module.aws_transit_1.aviatrix_vpc.default",
            "module.az_transit_1.aviatrix_transit_gateway.ha",
            "module.az_transit_1.aviatrix_transit_gateway.single",
            "module.oci_transit_1.aviatrix_transit_gateway.ha",
            "module.oci_transit_1.aviatrix_transit_gateway.single",
            "module.oci_transit_2.aviatrix_transit_gateway.ha",
            "module.oci_transit_2.aviatrix_transit_gateway.single"
          ]
        },
        {
          "index_key": "avx-central-us-transit:avx-us-west-1-transit",
          "schema_version": 0,
          "attributes": {
            "gateway1_excluded_network_cidrs": [],
            "gateway1_excluded_tgw_connections": [],
            "gateway2_excluded_network_cidrs": [],
            "gateway2_excluded_tgw_connections": [],
            "id": "avx-central-us-transit~avx-us-west-1-transit",
            "transit_gateway_name1": "avx-central-us-transit",
            "transit_gateway_name2": "avx-us-west-1-transit"
          },
          "private": "bnVsbA==",
          "dependencies": [
            "module.aws_transit_1.aviatrix_transit_gateway.ha",
            "module.aws_transit_1.aviatrix_transit_gateway.single",
            "module.aws_transit_1.aviatrix_vpc.default",
            "module.az_transit_1.aviatrix_transit_gateway.ha",
            "module.az_transit_1.aviatrix_transit_gateway.single",
            "module.oci_transit_1.aviatrix_transit_gateway.ha",
            "module.oci_transit_1.aviatrix_transit_gateway.single",
            "module.oci_transit_2.aviatrix_transit_gateway.ha",
            "module.oci_transit_2.aviatrix_transit_gateway.single"
          ]
        }
      ]
    },
    {
      "module": "module.az_transit_1",
      "mode": "managed",
      "type": "aviatrix_vpc",
      "name": "default",
      "provider": "provider.aviatrix",
      "instances": [
        {
          "schema_version": 1,
          "attributes": {
            "account_name": "azure",
            "aviatrix_firenet_vpc": false,
            "aviatrix_transit_vpc": false,
            "cidr": "172.20.0.0/24",
            "cloud_type": 8,
            "id": "avx-central-us-transit",
            "name": "avx-central-us-transit",
            "region": "Central US",
            "subnets": [
              {
                "cidr": "172.20.0.0/28",
                "name": "avx-central-us-transit-Public-gateway-subnet-1",
                "region": "",
                "subnet_id": "avx-central-us-transit-Public-gateway-subnet-1"
              },
              {
                "cidr": "172.20.0.16/28",
                "name": "avx-central-us-transit-Public-subnet-1",
                "region": "",
                "subnet_id": "avx-central-us-transit-Public-subnet-1"
              },
              {
                "cidr": "172.20.0.48/28",
                "name": "avx-central-us-transit-Public-subnet-2",
                "region": "",
                "subnet_id": "avx-central-us-transit-Public-subnet-2"
              },
              {
                "cidr": "172.20.0.32/28",
                "name": "avx-central-us-transit-Private-subnet-1",
                "region": "",
                "subnet_id": "avx-central-us-transit-Private-subnet-1"
              },
              {
                "cidr": "172.20.0.64/28",
                "name": "avx-central-us-transit-Private-subnet-2",
                "region": "",
                "subnet_id": "avx-central-us-transit-Private-subnet-2"
              }
            ],
            "vpc_id": "avx-central-us-transit:rg-av-avx-central-us-transit-709284"
          },
          "private": "eyJzY2hlbWFfdmVyc2lvbiI6IjEifQ=="
        }
      ]
    },
    {
      "module": "module.oci_spoke2",
      "mode": "managed",
      "type": "aviatrix_vpc",
      "name": "default",
      "provider": "provider.aviatrix",
      "instances": [
        {
          "schema_version": 1,
          "attributes": {
            "account_name": "oci-internal",
            "aviatrix_firenet_vpc": false,
            "aviatrix_transit_vpc": false,
            "cidr": "172.17.2.0/24",
            "cloud_type": 16,
            "id": "avx-acme_ash_sopke_dev-spoke",
            "name": "avx-acme_ash_sopke_dev-spoke",
            "region": "us-ashburn-1",
            "subnets": [
              {
                "cidr": "172.17.2.0/26",
                "name": "avx-acme_ash_sopke_dev-spoke-public-subnet",
                "region": "",
                "subnet_id": ""
              },
              {
                "cidr": "172.17.2.64/26",
                "name": "avx-acme_ash_sopke_dev-spoke-private-subnet-1",
                "region": "",
                "subnet_id": ""
              },
              {
                "cidr": "172.17.2.128/26",
                "name": "avx-acme_ash_sopke_dev-spoke-private-subnet-2",
                "region": "",
                "subnet_id": ""
              },
              {
                "cidr": "172.17.2.192/26",
                "name": "avx-acme_ash_sopke_dev-spoke-private-subnet-3",
                "region": "",
                "subnet_id": ""
              }
            ],
            "vpc_id": "ocid1.vcn.oc1.iad.amaaaaaabwtknkaapt3atcu3ol2cvlythwzxwsopp4gdyukc7235b6akmvrq"
          },
          "private": "eyJzY2hlbWFfdmVyc2lvbiI6IjEifQ=="
        }
      ]
    },
    {
      "module": "module.oci_spoke1",
      "mode": "managed",
      "type": "aviatrix_vpc",
      "name": "default",
      "provider": "provider.aviatrix",
      "instances": [
        {
          "schema_version": 1,
          "attributes": {
            "account_name": "oci-internal",
            "aviatrix_firenet_vpc": false,
            "aviatrix_transit_vpc": false,
            "cidr": "172.17.1.0/24",
            "cloud_type": 16,
            "id": "avx-acme_ash_sopke_prd-spoke",
            "name": "avx-acme_ash_sopke_prd-spoke",
            "region": "us-ashburn-1",
            "subnets": [
              {
                "cidr": "172.17.1.0/26",
                "name": "avx-acme_ash_sopke_prd-spoke-public-subnet",
                "region": "",
                "subnet_id": ""
              },
              {
                "cidr": "172.17.1.64/26",
                "name": "avx-acme_ash_sopke_prd-spoke-private-subnet-1",
                "region": "",
                "subnet_id": ""
              },
              {
                "cidr": "172.17.1.128/26",
                "name": "avx-acme_ash_sopke_prd-spoke-private-subnet-2",
                "region": "",
                "subnet_id": ""
              },
              {
                "cidr": "172.17.1.192/26",
                "name": "avx-acme_ash_sopke_prd-spoke-private-subnet-3",
                "region": "",
                "subnet_id": ""
              }
            ],
            "vpc_id": "ocid1.vcn.oc1.iad.amaaaaaabwtknkaamnokc2qlwvfld5x4ksxxwkoeyl5wxnbudpblr6t5wqjq"
          },
          "private": "eyJzY2hlbWFfdmVyc2lvbiI6IjEifQ=="
        }
      ]
    },
    {
      "module": "module.oci_spoke_3_region_2",
      "mode": "managed",
      "type": "aviatrix_vpc",
      "name": "default",
      "provider": "provider.aviatrix",
      "instances": [
        {
          "schema_version": 1,
          "attributes": {
            "account_name": "oci-internal",
            "aviatrix_firenet_vpc": false,
            "aviatrix_transit_vpc": false,
            "cidr": "172.18.3.0/24",
            "cloud_type": 16,
            "id": "avx-acme_sp1_sopke_qas-spoke",
            "name": "avx-acme_sp1_sopke_qas-spoke",
            "region": "sa-saopaulo-1",
            "subnets": [
              {
                "cidr": "172.18.3.0/26",
                "name": "avx-acme_sp1_sopke_qas-spoke-public-subnet",
                "region": "",
                "subnet_id": ""
              },
              {
                "cidr": "172.18.3.64/26",
                "name": "avx-acme_sp1_sopke_qas-spoke-private-subnet-1",
                "region": "",
                "subnet_id": ""
              },
              {
                "cidr": "172.18.3.128/26",
                "name": "avx-acme_sp1_sopke_qas-spoke-private-subnet-2",
                "region": "",
                "subnet_id": ""
              },
              {
                "cidr": "172.18.3.192/26",
                "name": "avx-acme_sp1_sopke_qas-spoke-private-subnet-3",
                "region": "",
                "subnet_id": ""
              }
            ],
            "vpc_id": "ocid1.vcn.oc1.sa-saopaulo-1.amaaaaaabwtknkaal54utnu2yqn3fbo7qjmlyctnttxynxb54ufebde6lbsa"
          },
          "private": "eyJzY2hlbWFfdmVyc2lvbiI6IjEifQ=="
        }
      ]
    },
    {
      "module": "module.oci_spoke3",
      "mode": "managed",
      "type": "aviatrix_vpc",
      "name": "default",
      "provider": "provider.aviatrix",
      "instances": [
        {
          "schema_version": 1,
          "attributes": {
            "account_name": "oci-internal",
            "aviatrix_firenet_vpc": false,
            "aviatrix_transit_vpc": false,
            "cidr": "172.17.3.0/24",
            "cloud_type": 16,
            "id": "avx-acme_ash_sopke_qas-spoke",
            "name": "avx-acme_ash_sopke_qas-spoke",
            "region": "us-ashburn-1",
            "subnets": [
              {
                "cidr": "172.17.3.0/26",
                "name": "avx-acme_ash_sopke_qas-spoke-public-subnet",
                "region": "",
                "subnet_id": ""
              },
              {
                "cidr": "172.17.3.64/26",
                "name": "avx-acme_ash_sopke_qas-spoke-private-subnet-1",
                "region": "",
                "subnet_id": ""
              },
              {
                "cidr": "172.17.3.128/26",
                "name": "avx-acme_ash_sopke_qas-spoke-private-subnet-2",
                "region": "",
                "subnet_id": ""
              },
              {
                "cidr": "172.17.3.192/26",
                "name": "avx-acme_ash_sopke_qas-spoke-private-subnet-3",
                "region": "",
                "subnet_id": ""
              }
            ],
            "vpc_id": "ocid1.vcn.oc1.iad.amaaaaaabwtknkaa764oc7ikfcwzvzafy2ucfdolwqprgmli75kpzj3masca"
          },
          "private": "eyJzY2hlbWFfdmVyc2lvbiI6IjEifQ=="
        }
      ]
    },
    {
      "module": "module.aws_spoke2",
      "mode": "managed",
      "type": "aviatrix_vpc",
      "name": "default",
      "provider": "provider.aviatrix",
      "instances": [
        {
          "schema_version": 1,
          "attributes": {
            "account_name": "br_marcosbrz",
            "aviatrix_firenet_vpc": false,
            "aviatrix_transit_vpc": false,
            "cidr": "172.19.2.0/24",
            "cloud_type": 1,
            "id": "avx-aws-spoke-2-spoke",
            "name": "avx-aws-spoke-2-spoke",
            "region": "us-west-1",
            "subnets": [
              {
                "cidr": "172.19.2.16/28",
                "name": "avx-aws-spoke-2-spoke-Private-0-us-west-1a",
                "region": "",
                "subnet_id": "subnet-089c030664c7be5f9"
              },
              {
                "cidr": "172.19.2.32/28",
                "name": "avx-aws-spoke-2-spoke-Private-1-us-west-1c",
                "region": "",
                "subnet_id": "subnet-049eb34e391a21de8"
              },
              {
                "cidr": "172.19.2.48/28",
                "name": "avx-aws-spoke-2-spoke-Public-0-us-west-1a",
                "region": "",
                "subnet_id": "subnet-086cb3b51eada2e17"
              },
              {
                "cidr": "172.19.2.64/28",
                "name": "avx-aws-spoke-2-spoke-Public-1-us-west-1c",
                "region": "",
                "subnet_id": "subnet-0870df67e364a5fa0"
              }
            ],
            "vpc_id": "vpc-05fd5d2be5b25f202"
          }
        }
      ]
    },
    {
      "module": "module.oci_spoke_2_region_2",
      "mode": "managed",
      "type": "aviatrix_vpc",
      "name": "default",
      "provider": "provider.aviatrix",
      "instances": [
        {
          "schema_version": 1,
          "attributes": {
            "account_name": "oci-internal",
            "aviatrix_firenet_vpc": false,
            "aviatrix_transit_vpc": false,
            "cidr": "172.18.2.0/24",
            "cloud_type": 16,
            "id": "avx-acme_sp1_sopke_dev-spoke",
            "name": "avx-acme_sp1_sopke_dev-spoke",
            "region": "sa-saopaulo-1",
            "subnets": [
              {
                "cidr": "172.18.2.0/26",
                "name": "avx-acme_sp1_sopke_dev-spoke-public-subnet",
                "region": "",
                "subnet_id": ""
              },
              {
                "cidr": "172.18.2.64/26",
                "name": "avx-acme_sp1_sopke_dev-spoke-private-subnet-1",
                "region": "",
                "subnet_id": ""
              },
              {
                "cidr": "172.18.2.128/26",
                "name": "avx-acme_sp1_sopke_dev-spoke-private-subnet-2",
                "region": "",
                "subnet_id": ""
              },
              {
                "cidr": "172.18.2.192/26",
                "name": "avx-acme_sp1_sopke_dev-spoke-private-subnet-3",
                "region": "",
                "subnet_id": ""
              }
            ],
            "vpc_id": "ocid1.vcn.oc1.sa-saopaulo-1.amaaaaaabwtknkaad3ya2kvvpmnpc23tiih3vcv7hrffsvpnlqjmhz3nvp3a"
          },
          "private": "eyJzY2hlbWFfdmVyc2lvbiI6IjEifQ=="
        }
      ]
    },
    {
      "module": "module.oci_transit_2",
      "mode": "managed",
      "type": "aviatrix_vpc",
      "name": "default",
      "provider": "provider.aviatrix",
      "instances": [
        {
          "schema_version": 1,
          "attributes": {
            "account_name": "oci-internal",
            "aviatrix_firenet_vpc": false,
            "aviatrix_transit_vpc": false,
            "cidr": "172.18.0.0/24",
            "cloud_type": 16,
            "id": "avx-acme_sp1_transit-transit",
            "name": "avx-acme_sp1_transit-transit",
            "region": "sa-saopaulo-1",
            "subnets": [
              {
                "cidr": "172.18.0.0/26",
                "name": "avx-acme_sp1_transit-transit-public-subnet",
                "region": "",
                "subnet_id": ""
              },
              {
                "cidr": "172.18.0.64/26",
                "name": "avx-acme_sp1_transit-transit-private-subnet-1",
                "region": "",
                "subnet_id": ""
              },
              {
                "cidr": "172.18.0.128/26",
                "name": "avx-acme_sp1_transit-transit-private-subnet-2",
                "region": "",
                "subnet_id": ""
              },
              {
                "cidr": "172.18.0.192/26",
                "name": "avx-acme_sp1_transit-transit-private-subnet-3",
                "region": "",
                "subnet_id": ""
              }
            ],
            "vpc_id": "ocid1.vcn.oc1.sa-saopaulo-1.amaaaaaabwtknkaassswvsn2e77r5ihcsn7ypul4eeba4qoperhqvjug7aya"
          },
          "private": "eyJzY2hlbWFfdmVyc2lvbiI6IjEifQ=="
        }
      ]
    },
    {
      "module": "module.aws_spoke1",
      "mode": "managed",
      "type": "aviatrix_vpc",
      "name": "default",
      "provider": "provider.aviatrix",
      "instances": [
        {
          "schema_version": 1,
          "attributes": {
            "account_name": "br_marcosbrz",
            "aviatrix_firenet_vpc": false,
            "aviatrix_transit_vpc": false,
            "cidr": "172.19.1.0/24",
            "cloud_type": 1,
            "id": "avx-aws-spoke-1-spoke",
            "name": "avx-aws-spoke-1-spoke",
            "region": "us-west-1",
            "subnets": [
              {
                "cidr": "172.19.1.16/28",
                "name": "avx-aws-spoke-1-spoke-Private-0-us-west-1a",
                "region": "",
                "subnet_id": "subnet-07608b9c68ad99498"
              },
              {
                "cidr": "172.19.1.32/28",
                "name": "avx-aws-spoke-1-spoke-Private-1-us-west-1c",
                "region": "",
                "subnet_id": "subnet-03818aad10d7cbfe6"
              },
              {
                "cidr": "172.19.1.48/28",
                "name": "avx-aws-spoke-1-spoke-Public-0-us-west-1a",
                "region": "",
                "subnet_id": "subnet-06ce62b1361aa602f"
              },
              {
                "cidr": "172.19.1.64/28",
                "name": "avx-aws-spoke-1-spoke-Public-1-us-west-1c",
                "region": "",
                "subnet_id": "subnet-00f4626396be0b8a4"
              }
            ],
            "vpc_id": "vpc-0abeaf55d37741426"
          }
        }
      ]
    },
    {
      "module": "module.az_spoke_1",
      "mode": "managed",
      "type": "aviatrix_vpc",
      "name": "default",
      "provider": "provider.aviatrix",
      "instances": [
        {
          "schema_version": 1,
          "attributes": {
            "account_name": "azure",
            "aviatrix_firenet_vpc": false,
            "aviatrix_transit_vpc": false,
            "cidr": "172.20.1.0/24",
            "cloud_type": 8,
            "id": "avx-az-spoke-1-spoke",
            "name": "avx-az-spoke-1-spoke",
            "region": "Central US",
            "subnets": [
              {
                "cidr": "172.20.1.0/28",
                "name": "avx-az-spoke-1-spoke-Public-gateway-subnet-1",
                "region": "",
                "subnet_id": "avx-az-spoke-1-spoke-Public-gateway-subnet-1"
              },
              {
                "cidr": "172.20.1.16/28",
                "name": "avx-az-spoke-1-spoke-Public-subnet-1",
                "region": "",
                "subnet_id": "avx-az-spoke-1-spoke-Public-subnet-1"
              },
              {
                "cidr": "172.20.1.48/28",
                "name": "avx-az-spoke-1-spoke-Public-subnet-2",
                "region": "",
                "subnet_id": "avx-az-spoke-1-spoke-Public-subnet-2"
              },
              {
                "cidr": "172.20.1.32/28",
                "name": "avx-az-spoke-1-spoke-Private-subnet-1",
                "region": "",
                "subnet_id": "avx-az-spoke-1-spoke-Private-subnet-1"
              },
              {
                "cidr": "172.20.1.64/28",
                "name": "avx-az-spoke-1-spoke-Private-subnet-2",
                "region": "",
                "subnet_id": "avx-az-spoke-1-spoke-Private-subnet-2"
              }
            ],
            "vpc_id": "avx-az-spoke-1-spoke:rg-av-avx-az-spoke-1-spoke-149178"
          }
        }
      ]
    },
    {
      "module": "module.oci_spoke_1_region_2",
      "mode": "managed",
      "type": "aviatrix_vpc",
      "name": "default",
      "provider": "provider.aviatrix",
      "instances": [
        {
          "schema_version": 1,
          "attributes": {
            "account_name": "oci-internal",
            "aviatrix_firenet_vpc": false,
            "aviatrix_transit_vpc": false,
            "cidr": "172.18.1.0/24",
            "cloud_type": 16,
            "id": "avx-acme_sp1_sopke_prd-spoke",
            "name": "avx-acme_sp1_sopke_prd-spoke",
            "region": "sa-saopaulo-1",
            "subnets": [
              {
                "cidr": "172.18.1.0/26",
                "name": "avx-acme_sp1_sopke_prd-spoke-public-subnet",
                "region": "",
                "subnet_id": ""
              },
              {
                "cidr": "172.18.1.64/26",
                "name": "avx-acme_sp1_sopke_prd-spoke-private-subnet-1",
                "region": "",
                "subnet_id": ""
              },
              {
                "cidr": "172.18.1.128/26",
                "name": "avx-acme_sp1_sopke_prd-spoke-private-subnet-2",
                "region": "",
                "subnet_id": ""
              },
              {
                "cidr": "172.18.1.192/26",
                "name": "avx-acme_sp1_sopke_prd-spoke-private-subnet-3",
                "region": "",
                "subnet_id": ""
              }
            ],
            "vpc_id": "ocid1.vcn.oc1.sa-saopaulo-1.amaaaaaabwtknkaavrfrrwurjynjxbrb6fm3fyjnqk4t3yw6ms2fc5ln2zna"
          },
          "private": "eyJzY2hlbWFfdmVyc2lvbiI6IjEifQ=="
        }
      ]
    },
    {
      "module": "module.aws_transit_1",
      "mode": "managed",
      "type": "aviatrix_vpc",
      "name": "default",
      "provider": "provider.aviatrix",
      "instances": [
        {
          "schema_version": 1,
          "attributes": {
            "account_name": "br_marcosbrz",
            "aviatrix_firenet_vpc": false,
            "aviatrix_transit_vpc": true,
            "cidr": "172.19.0.0/23",
            "cloud_type": 1,
            "id": "avx-us-west-1-transit",
            "name": "avx-us-west-1-transit",
            "region": "us-west-1",
            "subnets": [
              {
                "cidr": "172.19.0.16/28",
                "name": "avx-us-west-1-transit-Private-FW-south-us-west-1a",
                "region": "",
                "subnet_id": "subnet-0541dc26b390449b2"
              },
              {
                "cidr": "172.19.0.32/28",
                "name": "avx-us-west-1-transit-Private-FW-north-us-west-1a",
                "region": "",
                "subnet_id": "subnet-0b28208ca4e9c62a2"
              },
              {
                "cidr": "172.19.0.48/28",
                "name": "avx-us-west-1-transit-Private-FW-south-us-west-1c",
                "region": "",
                "subnet_id": "subnet-0a1ceba89d5650655"
              },
              {
                "cidr": "172.19.0.64/28",
                "name": "avx-us-west-1-transit-Private-FW-north-us-west-1c",
                "region": "",
                "subnet_id": "subnet-0a7f0cfe784b24b03"
              },
              {
                "cidr": "172.19.0.80/28",
                "name": "avx-us-west-1-transit-Public-gateway-and-firewall-mgmt-us-west-1a",
                "region": "",
                "subnet_id": "subnet-0303325794e9ae06d"
              },
              {
                "cidr": "172.19.0.96/28",
                "name": "avx-us-west-1-transit-Public-FW-ingress-egress-us-west-1a",
                "region": "",
                "subnet_id": "subnet-0e858a45c3fc0828e"
              },
              {
                "cidr": "172.19.0.112/28",
                "name": "avx-us-west-1-transit-Public-gateway-and-firewall-mgmt-us-west-1c",
                "region": "",
                "subnet_id": "subnet-0b551a891993fc701"
              },
              {
                "cidr": "172.19.0.128/28",
                "name": "avx-us-west-1-transit-Public-FW-ingress-egress-us-west-1c",
                "region": "",
                "subnet_id": "subnet-0fe1530e7a624e69b"
              }
            ],
            "vpc_id": "vpc-0f8fbf4245f8e7436"
          },
          "private": "eyJzY2hlbWFfdmVyc2lvbiI6IjEifQ=="
        }
      ]
    },
    {
      "module": "module.oci_transit_1",
      "mode": "managed",
      "type": "aviatrix_vpc",
      "name": "default",
      "provider": "provider.aviatrix",
      "instances": [
        {
          "schema_version": 1,
          "attributes": {
            "account_name": "oci-internal",
            "aviatrix_firenet_vpc": false,
            "aviatrix_transit_vpc": false,
            "cidr": "172.17.0.0/24",
            "cloud_type": 16,
            "id": "avx-acme_ash_transit-transit",
            "name": "avx-acme_ash_transit-transit",
            "region": "us-ashburn-1",
            "subnets": [
              {
                "cidr": "172.17.0.0/26",
                "name": "avx-acme_ash_transit-transit-public-subnet",
                "region": "",
                "subnet_id": ""
              },
              {
                "cidr": "172.17.0.64/26",
                "name": "avx-acme_ash_transit-transit-private-subnet-1",
                "region": "",
                "subnet_id": ""
              },
              {
                "cidr": "172.17.0.128/26",
                "name": "avx-acme_ash_transit-transit-private-subnet-2",
                "region": "",
                "subnet_id": ""
              },
              {
                "cidr": "172.17.0.192/26",
                "name": "avx-acme_ash_transit-transit-private-subnet-3",
                "region": "",
                "subnet_id": ""
              }
            ],
            "vpc_id": "ocid1.vcn.oc1.iad.amaaaaaabwtknkaa5n4zlxh7xfhwmhrauis5bcumb3s43l7e5hxebydrsz7a"
          },
          "private": "eyJzY2hlbWFfdmVyc2lvbiI6IjEifQ=="
        }
      ]
    },
    {
      "mode": "managed",
      "type": "aviatrix_vpn_user",
      "name": "oci_vpn_users",
      "each": "map",
      "provider": "provider.aviatrix",
      "instances": []
    }
  ]
}
